// !$*UTF8*$!
{
	archiveVersion = 1;
	classes = {
	};
	objectVersion = 56;
	objects = {

/* Begin PBXBuildFile section */
		0B45DBAC2A8172EB00D214D0 /* Config.plist in Resources */ = {isa = PBXBuildFile; fileRef = 0B45DBAB2A8172EB00D214D0 /* Config.plist */; };
		0B45DBAE2A8175D600D214D0 /* CatFactConfiguration+Extension.swift in Sources */ = {isa = PBXBuildFile; fileRef = 0B45DBAD2A8175D600D214D0 /* CatFactConfiguration+Extension.swift */; };
		0B5EFD262A7F996A00BE27FF /* CatFactApp.swift in Sources */ = {isa = PBXBuildFile; fileRef = 0B5EFD252A7F996A00BE27FF /* CatFactApp.swift */; };
		0B5EFD282A7F996A00BE27FF /* HomeView.swift in Sources */ = {isa = PBXBuildFile; fileRef = 0B5EFD272A7F996A00BE27FF /* HomeView.swift */; };
		0B5EFD2A2A7F996B00BE27FF /* Assets.xcassets in Resources */ = {isa = PBXBuildFile; fileRef = 0B5EFD292A7F996B00BE27FF /* Assets.xcassets */; };
		0B5EFD2E2A7F996B00BE27FF /* Preview Assets.xcassets in Resources */ = {isa = PBXBuildFile; fileRef = 0B5EFD2D2A7F996B00BE27FF /* Preview Assets.xcassets */; };
		0B5EFD382A7F996C00BE27FF /* CatFactTests.swift in Sources */ = {isa = PBXBuildFile; fileRef = 0B5EFD372A7F996C00BE27FF /* CatFactTests.swift */; };
		0B5EFD5A2A7FB68800BE27FF /* CatFactLibrary in Frameworks */ = {isa = PBXBuildFile; productRef = 0B5EFD592A7FB68800BE27FF /* CatFactLibrary */; };
		0B5EFD612A7FCF2D00BE27FF /* CatFactListViewModel.swift in Sources */ = {isa = PBXBuildFile; fileRef = 0B5EFD602A7FCF2D00BE27FF /* CatFactListViewModel.swift */; };
		0B5EFD632A800E6600BE27FF /* CatLogger in Frameworks */ = {isa = PBXBuildFile; productRef = 0B5EFD622A800E6600BE27FF /* CatLogger */; };
		0B5EFD662A800F1200BE27FF /* LoggingSyslog in Frameworks */ = {isa = PBXBuildFile; productRef = 0B5EFD652A800F1200BE27FF /* LoggingSyslog */; };
		0B6595592A88CBE60074CFA0 /* CatLogger+App.swift in Sources */ = {isa = PBXBuildFile; fileRef = 0B6595582A88CBE60074CFA0 /* CatLogger+App.swift */; };
		0B65955B2A88CCE70074CFA0 /* CatFactListView.swift in Sources */ = {isa = PBXBuildFile; fileRef = 0B65955A2A88CCE70074CFA0 /* CatFactListView.swift */; };
		0B65955D2A88CD460074CFA0 /* HomeViewModel.swift in Sources */ = {isa = PBXBuildFile; fileRef = 0B65955C2A88CD460074CFA0 /* HomeViewModel.swift */; };
		0B9BD56F2A815A79008C1675 /* AppDelegate.swift in Sources */ = {isa = PBXBuildFile; fileRef = 0B9BD56E2A815A79008C1675 /* AppDelegate.swift */; };
/* End PBXBuildFile section */

/* Begin PBXContainerItemProxy section */
		0B5EFD342A7F996C00BE27FF /* PBXContainerItemProxy */ = {
			isa = PBXContainerItemProxy;
			containerPortal = 0B5EFD1A2A7F996A00BE27FF /* Project object */;
			proxyType = 1;
			remoteGlobalIDString = 0B5EFD212A7F996A00BE27FF;
			remoteInfo = CatFact;
		};
/* End PBXContainerItemProxy section */

/* Begin PBXFileReference section */
		0B45DBAB2A8172EB00D214D0 /* Config.plist */ = {isa = PBXFileReference; lastKnownFileType = text.plist.xml; path = Config.plist; sourceTree = "<group>"; };
		0B45DBAD2A8175D600D214D0 /* CatFactConfiguration+Extension.swift */ = {isa = PBXFileReference; lastKnownFileType = sourcecode.swift; path = "CatFactConfiguration+Extension.swift"; sourceTree = "<group>"; };
		0B5EFD222A7F996A00BE27FF /* CatFact.app */ = {isa = PBXFileReference; explicitFileType = wrapper.application; includeInIndex = 0; path = CatFact.app; sourceTree = BUILT_PRODUCTS_DIR; };
		0B5EFD252A7F996A00BE27FF /* CatFactApp.swift */ = {isa = PBXFileReference; lastKnownFileType = sourcecode.swift; path = CatFactApp.swift; sourceTree = "<group>"; };
		0B5EFD272A7F996A00BE27FF /* HomeView.swift */ = {isa = PBXFileReference; lastKnownFileType = sourcecode.swift; path = HomeView.swift; sourceTree = "<group>"; };
		0B5EFD292A7F996B00BE27FF /* Assets.xcassets */ = {isa = PBXFileReference; lastKnownFileType = folder.assetcatalog; path = Assets.xcassets; sourceTree = "<group>"; };
		0B5EFD2B2A7F996B00BE27FF /* CatFact.entitlements */ = {isa = PBXFileReference; lastKnownFileType = text.plist.entitlements; path = CatFact.entitlements; sourceTree = "<group>"; };
		0B5EFD2D2A7F996B00BE27FF /* Preview Assets.xcassets */ = {isa = PBXFileReference; lastKnownFileType = folder.assetcatalog; path = "Preview Assets.xcassets"; sourceTree = "<group>"; };
		0B5EFD332A7F996C00BE27FF /* CatFactTests.xctest */ = {isa = PBXFileReference; explicitFileType = wrapper.cfbundle; includeInIndex = 0; path = CatFactTests.xctest; sourceTree = BUILT_PRODUCTS_DIR; };
		0B5EFD372A7F996C00BE27FF /* CatFactTests.swift */ = {isa = PBXFileReference; lastKnownFileType = sourcecode.swift; path = CatFactTests.swift; sourceTree = "<group>"; };
		0B5EFD572A7F9E6700BE27FF /* CatFactLibrary */ = {isa = PBXFileReference; lastKnownFileType = wrapper; path = CatFactLibrary; sourceTree = "<group>"; };
		0B5EFD5D2A7FB72B00BE27FF /* CatLogger */ = {isa = PBXFileReference; lastKnownFileType = wrapper; path = CatLogger; sourceTree = "<group>"; };
		0B5EFD5F2A7FC7F600BE27FF /* Main.xctestplan */ = {isa = PBXFileReference; lastKnownFileType = text; path = Main.xctestplan; sourceTree = "<group>"; };
		0B5EFD602A7FCF2D00BE27FF /* CatFactListViewModel.swift */ = {isa = PBXFileReference; lastKnownFileType = sourcecode.swift; path = CatFactListViewModel.swift; sourceTree = "<group>"; };
		0B6595582A88CBE60074CFA0 /* CatLogger+App.swift */ = {isa = PBXFileReference; lastKnownFileType = sourcecode.swift; path = "CatLogger+App.swift"; sourceTree = "<group>"; };
		0B65955A2A88CCE70074CFA0 /* CatFactListView.swift */ = {isa = PBXFileReference; lastKnownFileType = sourcecode.swift; path = CatFactListView.swift; sourceTree = "<group>"; };
		0B65955C2A88CD460074CFA0 /* HomeViewModel.swift */ = {isa = PBXFileReference; lastKnownFileType = sourcecode.swift; path = HomeViewModel.swift; sourceTree = "<group>"; };
		0B9BD56E2A815A79008C1675 /* AppDelegate.swift */ = {isa = PBXFileReference; lastKnownFileType = sourcecode.swift; path = AppDelegate.swift; sourceTree = "<group>"; };
/* End PBXFileReference section */

/* Begin PBXFrameworksBuildPhase section */
		0B5EFD1F2A7F996A00BE27FF /* Frameworks */ = {
			isa = PBXFrameworksBuildPhase;
			buildActionMask = 2147483647;
			files = (
				0B5EFD5A2A7FB68800BE27FF /* CatFactLibrary in Frameworks */,
				0B5EFD662A800F1200BE27FF /* LoggingSyslog in Frameworks */,
				0B5EFD632A800E6600BE27FF /* CatLogger in Frameworks */,
			);
			runOnlyForDeploymentPostprocessing = 0;
		};
		0B5EFD302A7F996C00BE27FF /* Frameworks */ = {
			isa = PBXFrameworksBuildPhase;
			buildActionMask = 2147483647;
			files = (
			);
			runOnlyForDeploymentPostprocessing = 0;
		};
/* End PBXFrameworksBuildPhase section */

/* Begin PBXGroup section */
		0B45DBAA2A8172CB00D214D0 /* Resources */ = {
			isa = PBXGroup;
			children = (
				0B45DBAB2A8172EB00D214D0 /* Config.plist */,
			);
			path = Resources;
			sourceTree = "<group>";
		};
		0B5EFD192A7F996A00BE27FF = {
			isa = PBXGroup;
			children = (
				0B5EFD5F2A7FC7F600BE27FF /* Main.xctestplan */,
				0B5EFD532A7F9C6000BE27FF /* Packages */,
				0B5EFD242A7F996A00BE27FF /* CatFact */,
				0B5EFD362A7F996C00BE27FF /* CatFactTests */,
				0B5EFD232A7F996A00BE27FF /* Products */,
				0B5EFD582A7FB68800BE27FF /* Frameworks */,
			);
			sourceTree = "<group>";
		};
		0B5EFD232A7F996A00BE27FF /* Products */ = {
			isa = PBXGroup;
			children = (
				0B5EFD222A7F996A00BE27FF /* CatFact.app */,
				0B5EFD332A7F996C00BE27FF /* CatFactTests.xctest */,
			);
			name = Products;
			sourceTree = "<group>";
		};
		0B5EFD242A7F996A00BE27FF /* CatFact */ = {
			isa = PBXGroup;
			children = (
				0B6595572A88CBC90074CFA0 /* Helpers */,
				0B45DBAA2A8172CB00D214D0 /* Resources */,
				0B5EFD252A7F996A00BE27FF /* CatFactApp.swift */,
				0B5EFD272A7F996A00BE27FF /* HomeView.swift */,
				0B65955C2A88CD460074CFA0 /* HomeViewModel.swift */,
				0B65955A2A88CCE70074CFA0 /* CatFactListView.swift */,
				0B5EFD602A7FCF2D00BE27FF /* CatFactListViewModel.swift */,
				0B5EFD292A7F996B00BE27FF /* Assets.xcassets */,
				0B5EFD2B2A7F996B00BE27FF /* CatFact.entitlements */,
				0B5EFD2C2A7F996B00BE27FF /* Preview Content */,
				0B9BD56E2A815A79008C1675 /* AppDelegate.swift */,
				0B45DBAD2A8175D600D214D0 /* CatFactConfiguration+Extension.swift */,
			);
			path = CatFact;
			sourceTree = "<group>";
		};
		0B5EFD2C2A7F996B00BE27FF /* Preview Content */ = {
			isa = PBXGroup;
			children = (
				0B5EFD2D2A7F996B00BE27FF /* Preview Assets.xcassets */,
			);
			path = "Preview Content";
			sourceTree = "<group>";
		};
		0B5EFD362A7F996C00BE27FF /* CatFactTests */ = {
			isa = PBXGroup;
			children = (
				0B5EFD372A7F996C00BE27FF /* CatFactTests.swift */,
			);
			path = CatFactTests;
			sourceTree = "<group>";
		};
		0B5EFD532A7F9C6000BE27FF /* Packages */ = {
			isa = PBXGroup;
			children = (
				0B5EFD572A7F9E6700BE27FF /* CatFactLibrary */,
				0B5EFD5D2A7FB72B00BE27FF /* CatLogger */,
			);
			name = Packages;
			sourceTree = "<group>";
		};
		0B5EFD582A7FB68800BE27FF /* Frameworks */ = {
			isa = PBXGroup;
			children = (
			);
			name = Frameworks;
			sourceTree = "<group>";
		};
		0B6595572A88CBC90074CFA0 /* Helpers */ = {
			isa = PBXGroup;
			children = (
				0B6595582A88CBE60074CFA0 /* CatLogger+App.swift */,
			);
			path = Helpers;
			sourceTree = "<group>";
		};
/* End PBXGroup section */

/* Begin PBXNativeTarget section */
		0B5EFD212A7F996A00BE27FF /* CatFact */ = {
			isa = PBXNativeTarget;
			buildConfigurationList = 0B5EFD472A7F996C00BE27FF /* Build configuration list for PBXNativeTarget "CatFact" */;
			buildPhases = (
				0B5EFD1E2A7F996A00BE27FF /* Sources */,
				0B5EFD1F2A7F996A00BE27FF /* Frameworks */,
				0B5EFD202A7F996A00BE27FF /* Resources */,
			);
			buildRules = (
			);
			dependencies = (
			);
			name = CatFact;
			packageProductDependencies = (
				0B5EFD592A7FB68800BE27FF /* CatFactLibrary */,
				0B5EFD622A800E6600BE27FF /* CatLogger */,
				0B5EFD652A800F1200BE27FF /* LoggingSyslog */,
			);
			productName = CatFact;
			productReference = 0B5EFD222A7F996A00BE27FF /* CatFact.app */;
			productType = "com.apple.product-type.application";
		};
		0B5EFD322A7F996C00BE27FF /* CatFactTests */ = {
			isa = PBXNativeTarget;
			buildConfigurationList = 0B5EFD4A2A7F996C00BE27FF /* Build configuration list for PBXNativeTarget "CatFactTests" */;
			buildPhases = (
				0B5EFD2F2A7F996C00BE27FF /* Sources */,
				0B5EFD302A7F996C00BE27FF /* Frameworks */,
				0B5EFD312A7F996C00BE27FF /* Resources */,
			);
			buildRules = (
			);
			dependencies = (
				0B5EFD352A7F996C00BE27FF /* PBXTargetDependency */,
			);
			name = CatFactTests;
			productName = CatFactTests;
			productReference = 0B5EFD332A7F996C00BE27FF /* CatFactTests.xctest */;
			productType = "com.apple.product-type.bundle.unit-test";
		};
/* End PBXNativeTarget section */

/* Begin PBXProject section */
		0B5EFD1A2A7F996A00BE27FF /* Project object */ = {
			isa = PBXProject;
			attributes = {
				BuildIndependentTargetsInParallel = 1;
				LastSwiftUpdateCheck = 1430;
				LastUpgradeCheck = 1430;
				TargetAttributes = {
					0B5EFD212A7F996A00BE27FF = {
						CreatedOnToolsVersion = 14.3.1;
					};
					0B5EFD322A7F996C00BE27FF = {
						CreatedOnToolsVersion = 14.3.1;
						TestTargetID = 0B5EFD212A7F996A00BE27FF;
					};
				};
			};
			buildConfigurationList = 0B5EFD1D2A7F996A00BE27FF /* Build configuration list for PBXProject "CatFact" */;
			compatibilityVersion = "Xcode 14.0";
			developmentRegion = en;
			hasScannedForEncodings = 0;
			knownRegions = (
				en,
				Base,
			);
			mainGroup = 0B5EFD192A7F996A00BE27FF;
			packageReferences = (
				0B5EFD642A800F1200BE27FF /* XCRemoteSwiftPackageReference "swift-log-syslog" */,
			);
			productRefGroup = 0B5EFD232A7F996A00BE27FF /* Products */;
			projectDirPath = "";
			projectRoot = "";
			targets = (
				0B5EFD212A7F996A00BE27FF /* CatFact */,
				0B5EFD322A7F996C00BE27FF /* CatFactTests */,
			);
		};
/* End PBXProject section */

/* Begin PBXResourcesBuildPhase section */
		0B5EFD202A7F996A00BE27FF /* Resources */ = {
			isa = PBXResourcesBuildPhase;
			buildActionMask = 2147483647;
			files = (
				0B5EFD2E2A7F996B00BE27FF /* Preview Assets.xcassets in Resources */,
				0B45DBAC2A8172EB00D214D0 /* Config.plist in Resources */,
				0B5EFD2A2A7F996B00BE27FF /* Assets.xcassets in Resources */,
			);
			runOnlyForDeploymentPostprocessing = 0;
		};
		0B5EFD312A7F996C00BE27FF /* Resources */ = {
			isa = PBXResourcesBuildPhase;
			buildActionMask = 2147483647;
			files = (
			);
			runOnlyForDeploymentPostprocessing = 0;
		};
/* End PBXResourcesBuildPhase section */

/* Begin PBXSourcesBuildPhase section */
		0B5EFD1E2A7F996A00BE27FF /* Sources */ = {
			isa = PBXSourcesBuildPhase;
			buildActionMask = 2147483647;
			files = (
				0B45DBAE2A8175D600D214D0 /* CatFactConfiguration+Extension.swift in Sources */,
				0B9BD56F2A815A79008C1675 /* AppDelegate.swift in Sources */,
				0B6595592A88CBE60074CFA0 /* CatLogger+App.swift in Sources */,
				0B65955D2A88CD460074CFA0 /* HomeViewModel.swift in Sources */,
				0B5EFD612A7FCF2D00BE27FF /* CatFactListViewModel.swift in Sources */,
				0B65955B2A88CCE70074CFA0 /* CatFactListView.swift in Sources */,
				0B5EFD282A7F996A00BE27FF /* HomeView.swift in Sources */,
				0B5EFD262A7F996A00BE27FF /* CatFactApp.swift in Sources */,
			);
			runOnlyForDeploymentPostprocessing = 0;
		};
		0B5EFD2F2A7F996C00BE27FF /* Sources */ = {
			isa = PBXSourcesBuildPhase;
			buildActionMask = 2147483647;
			files = (
				0B5EFD382A7F996C00BE27FF /* CatFactTests.swift in Sources */,
			);
			runOnlyForDeploymentPostprocessing = 0;
		};
/* End PBXSourcesBuildPhase section */

/* Begin PBXTargetDependency section */
		0B5EFD352A7F996C00BE27FF /* PBXTargetDependency */ = {
			isa = PBXTargetDependency;
			target = 0B5EFD212A7F996A00BE27FF /* CatFact */;
			targetProxy = 0B5EFD342A7F996C00BE27FF /* PBXContainerItemProxy */;
		};
/* End PBXTargetDependency section */

/* Begin XCBuildConfiguration section */
		0B5EFD452A7F996C00BE27FF /* Debug */ = {
			isa = XCBuildConfiguration;
			buildSettings = {
				ALWAYS_SEARCH_USER_PATHS = NO;
				CLANG_ANALYZER_NONNULL = YES;
				CLANG_ANALYZER_NUMBER_OBJECT_CONVERSION = YES_AGGRESSIVE;
				CLANG_CXX_LANGUAGE_STANDARD = "gnu++20";
				CLANG_ENABLE_MODULES = YES;
				CLANG_ENABLE_OBJC_ARC = YES;
				CLANG_ENABLE_OBJC_WEAK = YES;
				CLANG_WARN_BLOCK_CAPTURE_AUTORELEASING = YES;
				CLANG_WARN_BOOL_CONVERSION = YES;
				CLANG_WARN_COMMA = YES;
				CLANG_WARN_CONSTANT_CONVERSION = YES;
				CLANG_WARN_DEPRECATED_OBJC_IMPLEMENTATIONS = YES;
				CLANG_WARN_DIRECT_OBJC_ISA_USAGE = YES_ERROR;
				CLANG_WARN_DOCUMENTATION_COMMENTS = YES;
				CLANG_WARN_EMPTY_BODY = YES;
				CLANG_WARN_ENUM_CONVERSION = YES;
				CLANG_WARN_INFINITE_RECURSION = YES;
				CLANG_WARN_INT_CONVERSION = YES;
				CLANG_WARN_NON_LITERAL_NULL_CONVERSION = YES;
				CLANG_WARN_OBJC_IMPLICIT_RETAIN_SELF = YES;
				CLANG_WARN_OBJC_LITERAL_CONVERSION = YES;
				CLANG_WARN_OBJC_ROOT_CLASS = YES_ERROR;
				CLANG_WARN_QUOTED_INCLUDE_IN_FRAMEWORK_HEADER = YES;
				CLANG_WARN_RANGE_LOOP_ANALYSIS = YES;
				CLANG_WARN_STRICT_PROTOTYPES = YES;
				CLANG_WARN_SUSPICIOUS_MOVE = YES;
				CLANG_WARN_UNGUARDED_AVAILABILITY = YES_AGGRESSIVE;
				CLANG_WARN_UNREACHABLE_CODE = YES;
				CLANG_WARN__DUPLICATE_METHOD_MATCH = YES;
				COPY_PHASE_STRIP = NO;
				DEBUG_INFORMATION_FORMAT = dwarf;
				ENABLE_STRICT_OBJC_MSGSEND = YES;
				ENABLE_TESTABILITY = YES;
				GCC_C_LANGUAGE_STANDARD = gnu11;
				GCC_DYNAMIC_NO_PIC = NO;
				GCC_NO_COMMON_BLOCKS = YES;
				GCC_OPTIMIZATION_LEVEL = 0;
				GCC_PREPROCESSOR_DEFINITIONS = (
					"DEBUG=1",
					"$(inherited)",
				);
				GCC_WARN_64_TO_32_BIT_CONVERSION = YES;
				GCC_WARN_ABOUT_RETURN_TYPE = YES_ERROR;
				GCC_WARN_UNDECLARED_SELECTOR = YES;
				GCC_WARN_UNINITIALIZED_AUTOS = YES_AGGRESSIVE;
				GCC_WARN_UNUSED_FUNCTION = YES;
				GCC_WARN_UNUSED_VARIABLE = YES;
				MTL_ENABLE_DEBUG_INFO = INCLUDE_SOURCE;
				MTL_FAST_MATH = YES;
				ONLY_ACTIVE_ARCH = YES;
				SWIFT_ACTIVE_COMPILATION_CONDITIONS = DEBUG;
				SWIFT_OPTIMIZATION_LEVEL = "-Onone";
			};
			name = Debug;
		};
		0B5EFD462A7F996C00BE27FF /* Release */ = {
			isa = XCBuildConfiguration;
			buildSettings = {
				ALWAYS_SEARCH_USER_PATHS = NO;
				CLANG_ANALYZER_NONNULL = YES;
				CLANG_ANALYZER_NUMBER_OBJECT_CONVERSION = YES_AGGRESSIVE;
				CLANG_CXX_LANGUAGE_STANDARD = "gnu++20";
				CLANG_ENABLE_MODULES = YES;
				CLANG_ENABLE_OBJC_ARC = YES;
				CLANG_ENABLE_OBJC_WEAK = YES;
				CLANG_WARN_BLOCK_CAPTURE_AUTORELEASING = YES;
				CLANG_WARN_BOOL_CONVERSION = YES;
				CLANG_WARN_COMMA = YES;
				CLANG_WARN_CONSTANT_CONVERSION = YES;
				CLANG_WARN_DEPRECATED_OBJC_IMPLEMENTATIONS = YES;
				CLANG_WARN_DIRECT_OBJC_ISA_USAGE = YES_ERROR;
				CLANG_WARN_DOCUMENTATION_COMMENTS = YES;
				CLANG_WARN_EMPTY_BODY = YES;
				CLANG_WARN_ENUM_CONVERSION = YES;
				CLANG_WARN_INFINITE_RECURSION = YES;
				CLANG_WARN_INT_CONVERSION = YES;
				CLANG_WARN_NON_LITERAL_NULL_CONVERSION = YES;
				CLANG_WARN_OBJC_IMPLICIT_RETAIN_SELF = YES;
				CLANG_WARN_OBJC_LITERAL_CONVERSION = YES;
				CLANG_WARN_OBJC_ROOT_CLASS = YES_ERROR;
				CLANG_WARN_QUOTED_INCLUDE_IN_FRAMEWORK_HEADER = YES;
				CLANG_WARN_RANGE_LOOP_ANALYSIS = YES;
				CLANG_WARN_STRICT_PROTOTYPES = YES;
				CLANG_WARN_SUSPICIOUS_MOVE = YES;
				CLANG_WARN_UNGUARDED_AVAILABILITY = YES_AGGRESSIVE;
				CLANG_WARN_UNREACHABLE_CODE = YES;
				CLANG_WARN__DUPLICATE_METHOD_MATCH = YES;
				COPY_PHASE_STRIP = NO;
				DEBUG_INFORMATION_FORMAT = "dwarf-with-dsym";
				ENABLE_NS_ASSERTIONS = NO;
				ENABLE_STRICT_OBJC_MSGSEND = YES;
				GCC_C_LANGUAGE_STANDARD = gnu11;
				GCC_NO_COMMON_BLOCKS = YES;
				GCC_WARN_64_TO_32_BIT_CONVERSION = YES;
				GCC_WARN_ABOUT_RETURN_TYPE = YES_ERROR;
				GCC_WARN_UNDECLARED_SELECTOR = YES;
				GCC_WARN_UNINITIALIZED_AUTOS = YES_AGGRESSIVE;
				GCC_WARN_UNUSED_FUNCTION = YES;
				GCC_WARN_UNUSED_VARIABLE = YES;
				MTL_ENABLE_DEBUG_INFO = NO;
				MTL_FAST_MATH = YES;
				SWIFT_COMPILATION_MODE = wholemodule;
				SWIFT_OPTIMIZATION_LEVEL = "-O";
			};
			name = Release;
		};
		0B5EFD482A7F996C00BE27FF /* Debug */ = {
			isa = XCBuildConfiguration;
			buildSettings = {
				ASSETCATALOG_COMPILER_APPICON_NAME = AppIcon;
				ASSETCATALOG_COMPILER_GLOBAL_ACCENT_COLOR_NAME = AccentColor;
				CODE_SIGN_ENTITLEMENTS = CatFact/CatFact.entitlements;
				CODE_SIGN_STYLE = Manual;
				CURRENT_PROJECT_VERSION = 1;
				DEVELOPMENT_ASSET_PATHS = "\"CatFact/Preview Content\"";
				DEVELOPMENT_TEAM = "";
				ENABLE_HARDENED_RUNTIME = YES;
				ENABLE_PREVIEWS = YES;
				GENERATE_INFOPLIST_FILE = YES;
				"INFOPLIST_KEY_UIApplicationSceneManifest_Generation[sdk=iphoneos*]" = YES;
				"INFOPLIST_KEY_UIApplicationSceneManifest_Generation[sdk=iphonesimulator*]" = YES;
				"INFOPLIST_KEY_UIApplicationSupportsIndirectInputEvents[sdk=iphoneos*]" = YES;
				"INFOPLIST_KEY_UIApplicationSupportsIndirectInputEvents[sdk=iphonesimulator*]" = YES;
				"INFOPLIST_KEY_UILaunchScreen_Generation[sdk=iphoneos*]" = YES;
				"INFOPLIST_KEY_UILaunchScreen_Generation[sdk=iphonesimulator*]" = YES;
				"INFOPLIST_KEY_UIStatusBarStyle[sdk=iphoneos*]" = UIStatusBarStyleDefault;
				"INFOPLIST_KEY_UIStatusBarStyle[sdk=iphonesimulator*]" = UIStatusBarStyleDefault;
				INFOPLIST_KEY_UISupportedInterfaceOrientations = UIInterfaceOrientationPortrait;
				INFOPLIST_KEY_UISupportedInterfaceOrientations_iPad = "UIInterfaceOrientationLandscapeLeft UIInterfaceOrientationLandscapeRight UIInterfaceOrientationPortrait UIInterfaceOrientationPortraitUpsideDown";
				IPHONEOS_DEPLOYMENT_TARGET = 16.4;
				LD_RUNPATH_SEARCH_PATHS = "@executable_path/Frameworks";
				"LD_RUNPATH_SEARCH_PATHS[sdk=macosx*]" = "@executable_path/../Frameworks";
				MACOSX_DEPLOYMENT_TARGET = 13.3;
				MARKETING_VERSION = 1.0;
				PRODUCT_BUNDLE_IDENTIFIER = de.catfact.CatFact;
				PRODUCT_NAME = "$(TARGET_NAME)";
				PROVISIONING_PROFILE_SPECIFIER = "";
				RUN_DOCUMENTATION_COMPILER = YES;
				SDKROOT = auto;
				SUPPORTED_PLATFORMS = "iphoneos iphonesimulator";
				SUPPORTS_MACCATALYST = NO;
				SUPPORTS_MAC_DESIGNED_FOR_IPHONE_IPAD = NO;
				SWIFT_EMIT_LOC_STRINGS = YES;
				SWIFT_VERSION = 5.0;
				TARGETED_DEVICE_FAMILY = 1;
			};
			name = Debug;
		};
		0B5EFD492A7F996C00BE27FF /* Release */ = {
			isa = XCBuildConfiguration;
			buildSettings = {
				ASSETCATALOG_COMPILER_APPICON_NAME = AppIcon;
				ASSETCATALOG_COMPILER_GLOBAL_ACCENT_COLOR_NAME = AccentColor;
				CODE_SIGN_ENTITLEMENTS = CatFact/CatFact.entitlements;
				CODE_SIGN_STYLE = Manual;
				CURRENT_PROJECT_VERSION = 1;
				DEVELOPMENT_ASSET_PATHS = "\"CatFact/Preview Content\"";
				DEVELOPMENT_TEAM = "";
				ENABLE_HARDENED_RUNTIME = YES;
				ENABLE_PREVIEWS = YES;
				GENERATE_INFOPLIST_FILE = YES;
				"INFOPLIST_KEY_UIApplicationSceneManifest_Generation[sdk=iphoneos*]" = YES;
				"INFOPLIST_KEY_UIApplicationSceneManifest_Generation[sdk=iphonesimulator*]" = YES;
				"INFOPLIST_KEY_UIApplicationSupportsIndirectInputEvents[sdk=iphoneos*]" = YES;
				"INFOPLIST_KEY_UIApplicationSupportsIndirectInputEvents[sdk=iphonesimulator*]" = YES;
				"INFOPLIST_KEY_UILaunchScreen_Generation[sdk=iphoneos*]" = YES;
				"INFOPLIST_KEY_UILaunchScreen_Generation[sdk=iphonesimulator*]" = YES;
				"INFOPLIST_KEY_UIStatusBarStyle[sdk=iphoneos*]" = UIStatusBarStyleDefault;
				"INFOPLIST_KEY_UIStatusBarStyle[sdk=iphonesimulator*]" = UIStatusBarStyleDefault;
				INFOPLIST_KEY_UISupportedInterfaceOrientations = UIInterfaceOrientationPortrait;
				INFOPLIST_KEY_UISupportedInterfaceOrientations_iPad = "UIInterfaceOrientationLandscapeLeft UIInterfaceOrientationLandscapeRight UIInterfaceOrientationPortrait UIInterfaceOrientationPortraitUpsideDown";
				IPHONEOS_DEPLOYMENT_TARGET = 16.4;
				LD_RUNPATH_SEARCH_PATHS = "@executable_path/Frameworks";
				"LD_RUNPATH_SEARCH_PATHS[sdk=macosx*]" = "@executable_path/../Frameworks";
				MACOSX_DEPLOYMENT_TARGET = 13.3;
				MARKETING_VERSION = 1.0;
				PRODUCT_BUNDLE_IDENTIFIER = de.catfact.CatFact;
				PRODUCT_NAME = "$(TARGET_NAME)";
				PROVISIONING_PROFILE_SPECIFIER = "";
				RUN_DOCUMENTATION_COMPILER = YES;
				SDKROOT = auto;
				SUPPORTED_PLATFORMS = "iphoneos iphonesimulator";
				SUPPORTS_MACCATALYST = NO;
				SUPPORTS_MAC_DESIGNED_FOR_IPHONE_IPAD = NO;
				SWIFT_EMIT_LOC_STRINGS = YES;
				SWIFT_VERSION = 5.0;
				TARGETED_DEVICE_FAMILY = 1;
			};
			name = Release;
		};
		0B5EFD4B2A7F996C00BE27FF /* Debug */ = {
			isa = XCBuildConfiguration;
			buildSettings = {
				ALWAYS_EMBED_SWIFT_STANDARD_LIBRARIES = YES;
				BUNDLE_LOADER = "$(TEST_HOST)";
				CODE_SIGN_STYLE = Automatic;
				CURRENT_PROJECT_VERSION = 1;
				DEVELOPMENT_TEAM = A4F8QD79XA;
				GENERATE_INFOPLIST_FILE = YES;
				IPHONEOS_DEPLOYMENT_TARGET = 16.4;
				MACOSX_DEPLOYMENT_TARGET = 13.3;
				MARKETING_VERSION = 1.0;
				PRODUCT_BUNDLE_IDENTIFIER = de.catfact.CatFactTests;
				PRODUCT_NAME = "$(TARGET_NAME)";
				SDKROOT = auto;
				SUPPORTED_PLATFORMS = "iphoneos iphonesimulator";
				SUPPORTS_MACCATALYST = NO;
				SUPPORTS_MAC_DESIGNED_FOR_IPHONE_IPAD = NO;
				SWIFT_EMIT_LOC_STRINGS = NO;
				SWIFT_VERSION = 5.0;
				TARGETED_DEVICE_FAMILY = "1,2";
				TEST_HOST = "$(BUILT_PRODUCTS_DIR)/CatFact.app/$(BUNDLE_EXECUTABLE_FOLDER_PATH)/CatFact";
			};
			name = Debug;
		};
		0B5EFD4C2A7F996C00BE27FF /* Release */ = {
			isa = XCBuildConfiguration;
			buildSettings = {
				ALWAYS_EMBED_SWIFT_STANDARD_LIBRARIES = YES;
				BUNDLE_LOADER = "$(TEST_HOST)";
				CODE_SIGN_STYLE = Automatic;
				CURRENT_PROJECT_VERSION = 1;
				DEVELOPMENT_TEAM = A4F8QD79XA;
				GENERATE_INFOPLIST_FILE = YES;
				IPHONEOS_DEPLOYMENT_TARGET = 16.4;
				MACOSX_DEPLOYMENT_TARGET = 13.3;
				MARKETING_VERSION = 1.0;
				PRODUCT_BUNDLE_IDENTIFIER = de.catfact.CatFactTests;
				PRODUCT_NAME = "$(TARGET_NAME)";
				SDKROOT = auto;
				SUPPORTED_PLATFORMS = "iphoneos iphonesimulator";
				SUPPORTS_MACCATALYST = NO;
				SUPPORTS_MAC_DESIGNED_FOR_IPHONE_IPAD = NO;
				SWIFT_EMIT_LOC_STRINGS = NO;
				SWIFT_VERSION = 5.0;
				TARGETED_DEVICE_FAMILY = "1,2";
				TEST_HOST = "$(BUILT_PRODUCTS_DIR)/CatFact.app/$(BUNDLE_EXECUTABLE_FOLDER_PATH)/CatFact";
			};
			name = Release;
		};
/* End XCBuildConfiguration section */

/* Begin XCConfigurationList section */
		0B5EFD1D2A7F996A00BE27FF /* Build configuration list for PBXProject "CatFact" */ = {
			isa = XCConfigurationList;
			buildConfigurations = (
				0B5EFD452A7F996C00BE27FF /* Debug */,
				0B5EFD462A7F996C00BE27FF /* Release */,
			);
			defaultConfigurationIsVisible = 0;
			defaultConfigurationName = Release;
		};
		0B5EFD472A7F996C00BE27FF /* Build configuration list for PBXNativeTarget "CatFact" */ = {
			isa = XCConfigurationList;
			buildConfigurations = (
				0B5EFD482A7F996C00BE27FF /* Debug */,
				0B5EFD492A7F996C00BE27FF /* Release */,
			);
			defaultConfigurationIsVisible = 0;
			defaultConfigurationName = Release;
		};
		0B5EFD4A2A7F996C00BE27FF /* Build configuration list for PBXNativeTarget "CatFactTests" */ = {
			isa = XCConfigurationList;
			buildConfigurations = (
				0B5EFD4B2A7F996C00BE27FF /* Debug */,
				0B5EFD4C2A7F996C00BE27FF /* Release */,
			);
			defaultConfigurationIsVisible = 0;
			defaultConfigurationName = Release;
		};
/* End XCConfigurationList section */

/* Begin XCRemoteSwiftPackageReference section */
		0B5EFD642A800F1200BE27FF /* XCRemoteSwiftPackageReference "swift-log-syslog" */ = {
			isa = XCRemoteSwiftPackageReference;
			repositoryURL = "https://github.com/ianpartridge/swift-log-syslog.git";
			requirement = {
				kind = upToNextMajorVersion;
				minimumVersion = 1.0.0;
			};
		};
/* End XCRemoteSwiftPackageReference section */

/* Begin XCSwiftPackageProductDependency section */
		0B5EFD592A7FB68800BE27FF /* CatFactLibrary */ = {
			isa = XCSwiftPackageProductDependency;
			productName = CatFactLibrary;
		};
		0B5EFD622A800E6600BE27FF /* CatLogger */ = {
			isa = XCSwiftPackageProductDependency;
			productName = CatLogger;
		};
		0B5EFD652A800F1200BE27FF /* LoggingSyslog */ = {
			isa = XCSwiftPackageProductDependency;
			package = 0B5EFD642A800F1200BE27FF /* XCRemoteSwiftPackageReference "swift-log-syslog" */;
			productName = LoggingSyslog;
		};
/* End XCSwiftPackageProductDependency section */
	};
	rootObject = 0B5EFD1A2A7F996A00BE27FF /* Project object */;
}
